---
lockfileVersion: '9.0'

importers:

  .:
    configDependencies: {}
    packageManagerDependencies:
      pnpm:
        specifier: 12.10.1
        version: 12.10.1

packages:

  '@pnpm/exe.android-arm64@12.10.1':
    resolution: {integrity: sha512-CVTlHPwNvadQCJD9bGSMzWIhFX8QpjtqC2c27dhdnn/9iKzEjZ3qL62o3gHpKbIuo6qn4WxTKRoaokgNdReBig==}
    cpu: [arm64]
    os: [android]

  '@pnpm/exe.android-x64@12.10.1':
    resolution: {integrity: sha512-NFiYLIaodY7da0XIebwcU3JoP7IK/lzF7zgKSSP+9H+QcFnQ1GDfBkuBKCYJzZ+Xu0WH54neIPLBBCaOjaaauA==}
    cpu: [x64]
    os: [android]

  '@pnpm/exe.darwin-arm64@12.10.1':
    resolution: {integrity: sha512-0O8tdQ8ijlPJudXspLMTcitMkdBEz6uUflazL5uQE0WMs85oQIp0U+5hfEktMFB64QqEhjqlvvujTwbzdr9oMg==}
    cpu: [arm64]
    os: [darwin]

  '@pnpm/exe.darwin-x64@12.10.1':
    resolution: {integrity: sha512-ud+1/uZOKEo8P/AsPynOJc/LNwfI0j6WwCElibj71rU9l4nIBnsSn+wWTIPZPkZ4BBSH5+82azSnAARMyJ1lNA==}
    cpu: [x64]
    os: [darwin]

  '@pnpm/exe.freebsd-x64@12.10.1':
    resolution: {integrity: sha512-mj9PE5rf8uAfQQ2K66HSATMSut+lNiB4eSqFd5+azFVCMnxNSy/32xpZQJT21PhnN3Y4qbK+iKHe5nWAxSuRhw==}
    cpu: [x64]
    os: [freebsd]

  '@pnpm/exe.linux-arm64-musl@12.10.1':
    resolution: {integrity: sha512-xba+00wZJ8Um6rBJJjWl88uJj0tydB8dtomvjlCLvi0uL32vpa9CRP8Vv26FIXvbiZ1bo2RCzYt/eChxJVV52w==}
    cpu: [arm64]
    os: [linux]
    libc: [musl]

  '@pnpm/exe.linux-arm64@12.10.1':
    resolution: {integrity: sha512-oBdMp69ScC9UnniG4qZAQVr2fBDSXjm4yk/72vkEVyrlwS23yMxcRQl7Qdo3sgXPAygY6TWnPRKm4rXzjoyW7w==}
    cpu: [arm64]
    os: [linux]
    libc: [glibc]

  '@pnpm/exe.linux-ppc64@12.10.1':
    resolution: {integrity: sha512-Yyb3wu09h3c7mLme270uHFiVaAIUHC411Ru9LIU2BKUIstrGlXa9OqqVWoXaRgYRdFdOFknkwG7GNn6ygwLbnw==}
    cpu: [ppc64]
    os: [linux]
    libc: [glibc]

  '@pnpm/exe.linux-riscv64@12.10.1':
    resolution: {integrity: sha512-PdkeUFFkybknnGkWP0H22eMpIiS4OZXL5BcQzF4lh+vmrW3IaC2HOkbANKgot/PKO0Kl77pzA/6PKFxgbgfXIQ==}
    cpu: [riscv64]
    os: [linux]
    libc: [glibc]

  '@pnpm/exe.linux-s390x@12.10.1':
    resolution: {integrity: sha512-1okKuHKJwJPAbofDxfhZWAUxEWtee4ZSf7Pah8kcvocaJkf2WxFJ5KVTiNIvDml5GLidDQsgf7Pcf/WHbCak7Q==}
    cpu: [s390x]
    os: [linux]
    libc: [glibc]

  '@pnpm/exe.linux-x64-musl@12.10.1':
    resolution: {integrity: sha512-e6IqzVNkPa7srFKJKnY23uWJ+qz0LaRWiTUo/sHfFXRRMRzB5uNOr6qWWip/jqhdGwU91n9J7LrEYZ6e0tRczw==}
    cpu: [x64]
    os: [linux]
    libc: [musl]

  '@pnpm/exe.linux-x64@12.10.1':
    resolution: {integrity: sha512-ZByV0DRgWzGaDSjT5ddRBASdwz+r/qPMYh7o6RGmPQjtRGNFbSl94xY2DcAM8mqCOZJUUDtAXQ+wpBXcdpKlkg==}
    cpu: [x64]
    os: [linux]
    libc: [glibc]

  '@pnpm/exe.win32-arm64@12.10.1':
    resolution: {integrity: sha512-I7QZHcjioG7orFeCRUFUHByJ1G0zFPnAlaGGyrUvb6MGkv5oeNwNPl7t+Gp+7zHfnMcgLGJ1a+Wfim0IDw3lOw==}
    cpu: [arm64]
    os: [win32]

  '@pnpm/exe.win32-x64@12.10.1':
    resolution: {integrity: sha512-4WJFdp58EKlCj0zLobrXU0vpszSZIr4X/3y/uNbAQqGW0zE+VdruZB0gFc3L2kzsUzVwTYbaCn+XEhnCYSAlTg==}
    cpu: [x64]
    os: [win32]

  pnpm@12.10.1:
    resolution: {integrity: sha512-ukCjfrGjcNYP6oxM8dNkwTvMzvUY6YrSvO6VT1OdONo3RY5YJho/pV4GUjRQ6g//+fSXsTW+QfLBXBZCusrObA==}
    engines: {node: '>=18.*'}
    hasBin: true

snapshots:

  '@pnpm/exe.android-arm64@12.10.1':
    optional: true

  '@pnpm/exe.android-x64@12.10.1':
    optional: true

  '@pnpm/exe.darwin-arm64@12.10.1':
    optional: true

  '@pnpm/exe.darwin-x64@12.10.1':
    optional: true

  '@pnpm/exe.freebsd-x64@12.10.1':
    optional: true

  '@pnpm/exe.linux-arm64-musl@12.10.1':
    optional: true

  '@pnpm/exe.linux-arm64@12.10.1':
    optional: true

  '@pnpm/exe.linux-ppc64@12.10.1':
    optional: true

  '@pnpm/exe.linux-riscv64@12.10.1':
    optional: true

  '@pnpm/exe.linux-s390x@12.10.1':
    optional: true

  '@pnpm/exe.linux-x64-musl@12.10.1':
    optional: true

  '@pnpm/exe.linux-x64@12.10.1':
    optional: true

  '@pnpm/exe.win32-arm64@12.10.1':
    optional: true

  '@pnpm/exe.win32-x64@12.10.1':
    optional: true

  pnpm@12.10.1:
    optionalDependencies:
      '@pnpm/exe.android-arm64': 12.10.1
      '@pnpm/exe.android-x64': 12.10.1
      '@pnpm/exe.darwin-arm64': 12.10.1
      '@pnpm/exe.darwin-x64': 12.10.1
      '@pnpm/exe.freebsd-x64': 12.10.1
      '@pnpm/exe.linux-arm64': 12.10.1
      '@pnpm/exe.linux-arm64-musl': 12.10.1
      '@pnpm/exe.linux-ppc64': 12.10.1
      '@pnpm/exe.linux-riscv64': 12.10.1
      '@pnpm/exe.linux-s390x': 12.10.1
      '@pnpm/exe.linux-x64': 12.10.1
      '@pnpm/exe.linux-x64-musl': 12.10.1
      '@pnpm/exe.win32-arm64': 12.10.1
      '@pnpm/exe.win32-x64': 12.10.1

---
lockfileVersion: '9.0'

settings:
  autoInstallPeers: true
  excludeLinksFromLockfile: false

importers:

  .:
    devDependencies:
      '@j178/prek':
        specifier: 0.5.5
        version: 0.5.5

packages:

  '@j178/prek-android-arm64@0.5.5':
    resolution: {integrity: sha512-jyOYb9WlSFF277DIsG6JMoModarQdrN3pVy5haCniEM44otJmFdkWLxlgaHn2l8BxAvK0LXgN1zZQXigVheQFw==}
    engines: {node: '>=18'}
    cpu: [arm64]
    os: [android]

  '@j178/prek-darwin-arm64@0.5.5':
    resolution: {integrity: sha512-rnPhus2jcOMmEShsjM8LSuCIJ7WCRkm1s7y0DngezEgbZpH6qnQ6u2G6aalmWC92c0JMMo6fYO0+VXWNwJSYug==}
    engines: {node: '>=18'}
    cpu: [arm64]
    os: [darwin]

  '@j178/prek-darwin-x64@0.5.5':
    resolution: {integrity: sha512-RM7voitbRKKWlqum4LgTqgDfAZi/HPMZaDn39LgcyIVkB13Lbtg0+K3wZXd6YP2OmZ3UpV3VKiIi0aN56ZsDDg==}
    engines: {node: '>=18'}
    cpu: [x64]
    os: [darwin]

  '@j178/prek-linux-arm64-gnu@0.5.5':
    resolution: {integrity: sha512-Ep0MahvjgtNBr+WqMFkNvfq4vUfCcdMmm/7ei+thRylwOwA0oW7iqLSTkP2bMuPL2xWwvHb09n9LDLKE1x5YBQ==}
    engines: {node: '>=18'}
    cpu: [arm64]
    os: [linux]
    libc: [glibc]

  '@j178/prek-linux-arm64-musl@0.5.5':
    resolution: {integrity: sha512-xvAsslhqcKhe21jhhbAKniBD7lYLo1zcw84AFAh/d8dbWdcRnM4C9alnuW9WG4afVflmTRnG1sRWn3yW1Cutig==}
    engines: {node: '>=18'}
    cpu: [arm64]
    os: [linux]
    libc: [musl]

  '@j178/prek-linux-x64-gnu@0.5.5':
    resolution: {integrity: sha512-ZIupXXDo0LuX8fr2pwdwch1c7eQLJLPYRQpLRNSwjuuFAbLFnIBe4dszX6K6yiluLsv44XH+ZrfTSiHz/Xj8HQ==}
    engines: {node: '>=18'}
    cpu: [x64]
    os: [linux]
    libc: [glibc]

  '@j178/prek-linux-x64-musl@0.5.5':
    resolution: {integrity: sha512-HRyXP2HwzT6vVyrO5fRVff1gB+jhwAa7TdHQwzGX+xVVAnjJ8M/2D8hnbPnZ1NtyRSHZERqsXNrSTC2oJpd+5w==}
    engines: {node: '>=18'}
    cpu: [x64]
    os: [linux]
    libc: [musl]

  '@j178/prek-win32-arm64-msvc@0.5.5':
    resolution: {integrity: sha512-to21i0qvzEytPC2qVfx+Nm33ANIsu/zrWI3JBXgpD9q5YLHZRPW+2OHw7MOBDKuJW2Dwoe1R2NQ2Z8n96E6maA==}
    engines: {node: '>=18'}
    cpu: [arm64]
    os: [win32]

  '@j178/prek-win32-x64-msvc@0.5.5':
    resolution: {integrity: sha512-0jgWfx9NwIf9wDHvKIyO7RuFpM9ZC+B/rsXtdvZBhImKAg2680WV4dnfrb4U+2s+TRB5AFV+ejOL1q0gF0dh/g==}
    engines: {node: '>=18'}
    cpu: [x64]
    os: [win32]

  '@j178/prek@0.5.5':
    resolution: {integrity: sha512-cxS0ynVrftFIK0pGp4UgDkG11crvU2jzyZedCzVXUwQYHRZzQZxC5RlLFu5fsXGTjrDcTiRo2TbQNY/MC+E1Bw==}
    engines: {node: '>=18'}
    hasBin: true

snapshots:

  '@j178/prek-android-arm64@0.5.5':
    optional: true

  '@j178/prek-darwin-arm64@0.5.5':
    optional: true

  '@j178/prek-darwin-x64@0.5.5':
    optional: true

  '@j178/prek-linux-arm64-gnu@0.5.5':
    optional: true

  '@j178/prek-linux-arm64-musl@0.5.5':
    optional: true

  '@j178/prek-linux-x64-gnu@0.5.5':
    optional: true

  '@j178/prek-linux-x64-musl@0.5.5':
    optional: true

  '@j178/prek-win32-arm64-msvc@0.5.5':
    optional: true

  '@j178/prek-win32-x64-msvc@0.5.5':
    optional: true

  '@j178/prek@0.5.5':
    optionalDependencies:
      '@j178/prek-android-arm64': 0.5.5
      '@j178/prek-darwin-arm64': 0.5.5
      '@j178/prek-darwin-x64': 0.5.5
      '@j178/prek-linux-arm64-gnu': 0.5.5
      '@j178/prek-linux-arm64-musl': 0.5.5
      '@j178/prek-linux-x64-gnu': 0.5.5
      '@j178/prek-linux-x64-musl': 0.5.5
      '@j178/prek-win32-arm64-msvc': 0.5.5
      '@j178/prek-win32-x64-msvc': 0.5.5
